
Microsoft Visual Studio Solution File, Format Version 12.00
# Visual Studio Version 17
VisualStudioVersion = 17.0.31903.59
MinimumVisualStudioVersion = 10.0.40219.1
Project("{FAE04EC0-301F-11D3-BF4B-00C04F79EFBC}") = "MovieApi", "MovieApi\MovieApi.csproj", "{5B60D657-1F94-45A9-8045-325C752F493E}"
EndProject
Project("{FAE04EC0-301F-11D3-BF4B-00C04F79EFBC}") = "Domain", "Domain\Domain.csproj", "{D219256A-CFDD-4E93-BA09-A4DE5F14A930}"
EndProject
Project("{FAE04EC0-301F-11D3-BF4B-00C04F79EFBC}") = "Services", "Services\Services.csproj", "{EB0AC77D-91DF-4F59-9CBB-38BD85957D8F}"
EndProject
Project("{FAE04EC0-301F-11D3-BF4B-00C04F79EFBC}") = "Repository", "Repository\Repository.csproj", "{0AB6CB6A-589C-4EA5-889F-56F05A9C7DF0}"
EndProject
Project("{FAE04EC0-301F-11D3-BF4B-00C04F79EFBC}") = "MovieApiTest", "MovieApiTest\MovieApiTest.csproj", "{A9F19E0B-98C2-49FB-AC19-74DDD968157F}"
EndProject
Global
	GlobalSection(SolutionConfigurationPlatforms) = preSolution
		Debug|Any CPU = Debug|Any CPU
		Release|Any CPU = Release|Any CPU
	EndGlobalSection
	GlobalSection(ProjectConfigurationPlatforms) = postSolution
		{5B60D657-1F94-45A9-8045-325C752F493E}.Debug|Any CPU.ActiveCfg = Debug|Any CPU
		{5B60D657-1F94-45A9-8045-325C752F493E}.Debug|Any CPU.Build.0 = Debug|Any CPU
		{5B60D657-1F94-45A9-8045-325C752F493E}.Release|Any CPU.ActiveCfg = Release|Any CPU
		{5B60D657-1F94-45A9-8045-325C752F493E}.Release|Any CPU.Build.0 = Release|Any CPU
		{D219256A-CFDD-4E93-BA09-A4DE5F14A930}.Debug|Any CPU.ActiveCfg = Debug|Any CPU
		{D219256A-CFDD-4E93-BA09-A4DE5F14A930}.Debug|Any CPU.Build.0 = Debug|Any CPU
		{D219256A-CFDD-4E93-BA09-A4DE5F14A930}.Release|Any CPU.ActiveCfg = Release|Any CPU
		{D219256A-CFDD-4E93-BA09-A4DE5F14A930}.Release|Any CPU.Build.0 = Release|Any CPU
		{EB0AC77D-91DF-4F59-9CBB-38BD85957D8F}.Debug|Any CPU.ActiveCfg = Debug|Any CPU
		{EB0AC77D-91DF-4F59-9CBB-38BD85957D8F}.Debug|Any CPU.Build.0 = Debug|Any CPU
		{EB0AC77D-91DF-4F59-9CBB-38BD85957D8F}.Release|Any CPU.ActiveCfg = Release|Any CPU
		{EB0AC77D-91DF-4F59-9CBB-38BD85957D8F}.Release|Any CPU.Build.0 = Release|Any CPU
		{0AB6CB6A-589C-4EA5-889F-56F05A9C7DF0}.Debug|Any CPU.ActiveCfg = Debug|Any CPU
		{0AB6CB6A-589C-4EA5-889F-56F05A9C7DF0}.Debug|Any CPU.Build.0 = Debug|Any CPU
		{0AB6CB6A-589C-4EA5-889F-56F05A9C7DF0}.Release|Any CPU.ActiveCfg = Release|Any CPU
		{0AB6CB6A-589C-4EA5-889F-56F05A9C7DF0}.Release|Any CPU.Build.0 = Release|Any CPU
		{A9F19E0B-98C2-49FB-AC19-74DDD968157F}.Debug|Any CPU.ActiveCfg = Debug|Any CPU
		{A9F19E0B-98C2-49FB-AC19-74DDD968157F}.Debug|Any CPU.Build.0 = Debug|Any CPU
		{A9F19E0B-98C2-49FB-AC19-74DDD968157F}.Release|Any CPU.ActiveCfg = Release|Any CPU
		{A9F19E0B-98C2-49FB-AC19-74DDD968157F}.Release|Any CPU.Build.0 = Release|Any CPU
	EndGlobalSection
	GlobalSection(SolutionProperties) = preSolution
		HideSolutionNode = FALSE
	EndGlobalSection
	GlobalSection(ExtensibilityGlobals) = postSolution
		SolutionGuid = {BAB2CA76-4203-40CF-A3C8-7BF7ABA9A498}
	EndGlobalSection
EndGlobal
